{
  "name": "thirdpartymodules",
  "version": "1.0.0",
  "lockfileVersion": 3,
  "requires": true,
  "packages": {
    "": {
      "name": "thirdpartymodules",
      "version": "1.0.0",
      "license": "ISC",
      "dependencies": {
        "underscore": "^1.1.6"
      }
    },
    "node_modules/underscore": {
      "version": "1.1.6",
      "resolved": "https://registry.npmjs.org/underscore/-/underscore-1.1.6.tgz",
      "integrity": "sha512-aqSzrO92Cjmeo8G7F49+ZHWBo3IJpjpsUZZaqfOHJGN61flbpLxQw/sP91p4kf/2+nkFrG6AG2WHlJh6RCf+/g==",
      "engines": {
        "node": "*"
      }
    }
  }
}
